
Microsoft Visual Studio Solution File, Format Version 12.00
# Visual Studio 15
VisualStudioVersion = 15.0.28010.2050
MinimumVisualStudioVersion = 10.0.40219.1
Project("{FAE04EC0-301F-11D3-BF4B-00C04F79EFBC}") = "schubert", "schubert\schubert.csproj", "{D564DB3E-1363-4E24-B52D-CA2D43E43366}"
EndProject
Global
	GlobalSection(SolutionConfigurationPlatforms) = preSolution
		Debug|Any CPU = Debug|Any CPU
		Release|Any CPU = Release|Any CPU
	EndGlobalSection
	GlobalSection(ProjectConfigurationPlatforms) = postSolution
		{D564DB3E-1363-4E24-B52D-CA2D43E43366}.Debug|Any CPU.ActiveCfg = Debug|Any CPU
		{D564DB3E-1363-4E24-B52D-CA2D43E43366}.Debug|Any CPU.Build.0 = Debug|Any CPU
		{D564DB3E-1363-4E24-B52D-CA2D43E43366}.Release|Any CPU.ActiveCfg = Release|Any CPU
		{D564DB3E-1363-4E24-B52D-CA2D43E43366}.Release|Any CPU.Build.0 = Release|Any CPU
	EndGlobalSection
	GlobalSection(SolutionProperties) = preSolution
		HideSolutionNode = FALSE
	EndGlobalSection
	GlobalSection(ExtensibilityGlobals) = postSolution
		SolutionGuid = {EE468F88-F9F1-49D4-9E23-15136C6506CB}
	EndGlobalSection
EndGlobal
